
Microsoft Visual Studio Solution File, Format Version 12.00
# Visual Studio Version 17
VisualStudioVersion = 17.2.32616.157
MinimumVisualStudioVersion = 10.0.40219.1
Project("{FAE04EC0-301F-11D3-BF4B-00C04F79EFBC}") = "MoviesAPI", "MoviesAPI.csproj", "{9DF0E5D7-9C58-4F90-9CB9-036BAA925EBE}"
EndProject
Global
	GlobalSection(SolutionConfigurationPlatforms) = preSolution
		Debug|Any CPU = Debug|Any CPU
		Release|Any CPU = Release|Any CPU
	EndGlobalSection
	GlobalSection(ProjectConfigurationPlatforms) = postSolution
		{9DF0E5D7-9C58-4F90-9CB9-036BAA925EBE}.Debug|Any CPU.ActiveCfg = Debug|Any CPU
		{9DF0E5D7-9C58-4F90-9CB9-036BAA925EBE}.Debug|Any CPU.Build.0 = Debug|Any CPU
		{9DF0E5D7-9C58-4F90-9CB9-036BAA925EBE}.Release|Any CPU.ActiveCfg = Release|Any CPU
		{9DF0E5D7-9C58-4F90-9CB9-036BAA925EBE}.Release|Any CPU.Build.0 = Release|Any CPU
	EndGlobalSection
	GlobalSection(SolutionProperties) = preSolution
		HideSolutionNode = FALSE
	EndGlobalSection
	GlobalSection(ExtensibilityGlobals) = postSolution
		SolutionGuid = {C1A30429-7256-438E-8C30-9CDD1E19A981}
	EndGlobalSection
EndGlobal
